
Microsoft Visual Studio Solution File, Format Version 12.00
# Visual Studio Version 16
VisualStudioVersion = 16.0.29806.167
MinimumVisualStudioVersion = 10.0.40219.1
Project("{FAE04EC0-301F-11D3-BF4B-00C04F79EFBC}") = "QuanLyQuanAo", "QuanLyQuanAo\QuanLyQuanAo.csproj", "{E50AC3DC-4D84-48E4-B08E-7B999B893456}"
EndProject
Global
	GlobalSection(SolutionConfigurationPlatforms) = preSolution
		Debug|Any CPU = Debug|Any CPU
		Release|Any CPU = Release|Any CPU
	EndGlobalSection
	GlobalSection(ProjectConfigurationPlatforms) = postSolution
		{E50AC3DC-4D84-48E4-B08E-7B999B893456}.Debug|Any CPU.ActiveCfg = Debug|Any CPU
		{E50AC3DC-4D84-48E4-B08E-7B999B893456}.Debug|Any CPU.Build.0 = Debug|Any CPU
		{E50AC3DC-4D84-48E4-B08E-7B999B893456}.Release|Any CPU.ActiveCfg = Release|Any CPU
		{E50AC3DC-4D84-48E4-B08E-7B999B893456}.Release|Any CPU.Build.0 = Release|Any CPU
	EndGlobalSection
	GlobalSection(SolutionProperties) = preSolution
		HideSolutionNode = FALSE
	EndGlobalSection
	GlobalSection(ExtensibilityGlobals) = postSolution
		SolutionGuid = {F4E76E32-6315-4B0F-945B-6F98565E0ABB}
	EndGlobalSection
EndGlobal
